// !$*UTF8*$!
{
	archiveVersion = 1;
	classes = {
	};
	objectVersion = 48;
	objects = {

/* Begin PBXBuildFile section */
		47138CB41F9C5E78006C2AF7 /* FlightPassengersTableViewController.swift in Sources */ = {isa = PBXBuildFile; fileRef = 47138CB31F9C5E78006C2AF7 /* FlightPassengersTableViewController.swift */; };
		47138CB61F9C5EA0006C2AF7 /* FlightPassengersTableViewCell.swift in Sources */ = {isa = PBXBuildFile; fileRef = 47138CB51F9C5EA0006C2AF7 /* FlightPassengersTableViewCell.swift */; };
		47138CB81F9C5EBF006C2AF7 /* Passenger.swift in Sources */ = {isa = PBXBuildFile; fileRef = 47138CB71F9C5EBF006C2AF7 /* Passenger.swift */; };
		47138CBA1F9C5EEC006C2AF7 /* PassengerProfileViewController.swift in Sources */ = {isa = PBXBuildFile; fileRef = 47138CB91F9C5EEC006C2AF7 /* PassengerProfileViewController.swift */; };
		47138CBC1F9C5F2B006C2AF7 /* PersonalProfileViewController.swift in Sources */ = {isa = PBXBuildFile; fileRef = 47138CBB1F9C5F2B006C2AF7 /* PersonalProfileViewController.swift */; };
		7F088A001F9BF62D009DF65C /* GoogleService-Info.plist in Resources */ = {isa = PBXBuildFile; fileRef = 7F0889FF1F9BF4A9009DF65C /* GoogleService-Info.plist */; };
		7FEE79CC1F9BA5AD0018491A /* AppDelegate.swift in Sources */ = {isa = PBXBuildFile; fileRef = 7FEE79CB1F9BA5AD0018491A /* AppDelegate.swift */; };
		7FEE79CE1F9BA5AD0018491A /* ViewController.swift in Sources */ = {isa = PBXBuildFile; fileRef = 7FEE79CD1F9BA5AD0018491A /* ViewController.swift */; };
		7FEE79D11F9BA5AD0018491A /* Main.storyboard in Resources */ = {isa = PBXBuildFile; fileRef = 7FEE79CF1F9BA5AD0018491A /* Main.storyboard */; };
		7FEE79D31F9BA5AD0018491A /* Assets.xcassets in Resources */ = {isa = PBXBuildFile; fileRef = 7FEE79D21F9BA5AD0018491A /* Assets.xcassets */; };
		7FEE79D61F9BA5AD0018491A /* LaunchScreen.storyboard in Resources */ = {isa = PBXBuildFile; fileRef = 7FEE79D41F9BA5AD0018491A /* LaunchScreen.storyboard */; };
		7FEE79E21F9BA9520018491A /* LogInVeiwController.swift in Sources */ = {isa = PBXBuildFile; fileRef = 7FEE79E11F9BA9520018491A /* LogInVeiwController.swift */; };
		7FEE79E41F9BA9800018491A /* SignUpViewController.swift in Sources */ = {isa = PBXBuildFile; fileRef = 7FEE79E31F9BA9800018491A /* SignUpViewController.swift */; };
		D93196FA6C02E1D4DC888921 /* Pods_xyz_nurlybekkarshyga_trialHH.framework in Frameworks */ = {isa = PBXBuildFile; fileRef = CC4E547692A3F0871B393450 /* Pods_xyz_nurlybekkarshyga_trialHH.framework */; };
/* End PBXBuildFile section */

/* Begin PBXFileReference section */
		47138CB31F9C5E78006C2AF7 /* FlightPassengersTableViewController.swift */ = {isa = PBXFileReference; lastKnownFileType = sourcecode.swift; path = FlightPassengersTableViewController.swift; sourceTree = "<group>"; };
		47138CB51F9C5EA0006C2AF7 /* FlightPassengersTableViewCell.swift */ = {isa = PBXFileReference; lastKnownFileType = sourcecode.swift; path = FlightPassengersTableViewCell.swift; sourceTree = "<group>"; };
		47138CB71F9C5EBF006C2AF7 /* Passenger.swift */ = {isa = PBXFileReference; lastKnownFileType = sourcecode.swift; path = Passenger.swift; sourceTree = "<group>"; };
		47138CB91F9C5EEC006C2AF7 /* PassengerProfileViewController.swift */ = {isa = PBXFileReference; lastKnownFileType = sourcecode.swift; path = PassengerProfileViewController.swift; sourceTree = "<group>"; };
		47138CBB1F9C5F2B006C2AF7 /* PersonalProfileViewController.swift */ = {isa = PBXFileReference; lastKnownFileType = sourcecode.swift; path = PersonalProfileViewController.swift; sourceTree = "<group>"; };
		7F0889FF1F9BF4A9009DF65C /* GoogleService-Info.plist */ = {isa = PBXFileReference; lastKnownFileType = text.plist.xml; path = "GoogleService-Info.plist"; sourceTree = "<group>"; };
		7FEE79C81F9BA5AD0018491A /* xyz.nurlybekkarshyga.trialHH.app */ = {isa = PBXFileReference; explicitFileType = wrapper.application; includeInIndex = 0; path = xyz.nurlybekkarshyga.trialHH.app; sourceTree = BUILT_PRODUCTS_DIR; };
		7FEE79CB1F9BA5AD0018491A /* AppDelegate.swift */ = {isa = PBXFileReference; lastKnownFileType = sourcecode.swift; path = AppDelegate.swift; sourceTree = "<group>"; };
		7FEE79CD1F9BA5AD0018491A /* ViewController.swift */ = {isa = PBXFileReference; lastKnownFileType = sourcecode.swift; path = ViewController.swift; sourceTree = "<group>"; };
		7FEE79D01F9BA5AD0018491A /* Base */ = {isa = PBXFileReference; lastKnownFileType = file.storyboard; name = Base; path = Base.lproj/Main.storyboard; sourceTree = "<group>"; };
		7FEE79D21F9BA5AD0018491A /* Assets.xcassets */ = {isa = PBXFileReference; lastKnownFileType = folder.assetcatalog; path = Assets.xcassets; sourceTree = "<group>"; };
		7FEE79D51F9BA5AD0018491A /* Base */ = {isa = PBXFileReference; lastKnownFileType = file.storyboard; name = Base; path = Base.lproj/LaunchScreen.storyboard; sourceTree = "<group>"; };
		7FEE79D71F9BA5AD0018491A /* Info.plist */ = {isa = PBXFileReference; lastKnownFileType = text.plist.xml; path = Info.plist; sourceTree = "<group>"; };
		7FEE79E11F9BA9520018491A /* LogInVeiwController.swift */ = {isa = PBXFileReference; lastKnownFileType = sourcecode.swift; path = LogInVeiwController.swift; sourceTree = "<group>"; };
		7FEE79E31F9BA9800018491A /* SignUpViewController.swift */ = {isa = PBXFileReference; lastKnownFileType = sourcecode.swift; path = SignUpViewController.swift; sourceTree = "<group>"; };
		84193274109AE110355D1AB6 /* Pods-xyz.nurlybekkarshyga.trialHH.debug.xcconfig */ = {isa = PBXFileReference; includeInIndex = 1; lastKnownFileType = text.xcconfig; name = "Pods-xyz.nurlybekkarshyga.trialHH.debug.xcconfig"; path = "Pods/Target Support Files/Pods-xyz.nurlybekkarshyga.trialHH/Pods-xyz.nurlybekkarshyga.trialHH.debug.xcconfig"; sourceTree = "<group>"; };
		CC4E547692A3F0871B393450 /* Pods_xyz_nurlybekkarshyga_trialHH.framework */ = {isa = PBXFileReference; explicitFileType = wrapper.framework; includeInIndex = 0; path = Pods_xyz_nurlybekkarshyga_trialHH.framework; sourceTree = BUILT_PRODUCTS_DIR; };
		CDD23CE5E7DA5D833D9215FE /* Pods-xyz.nurlybekkarshyga.trialHH.release.xcconfig */ = {isa = PBXFileReference; includeInIndex = 1; lastKnownFileType = text.xcconfig; name = "Pods-xyz.nurlybekkarshyga.trialHH.release.xcconfig"; path = "Pods/Target Support Files/Pods-xyz.nurlybekkarshyga.trialHH/Pods-xyz.nurlybekkarshyga.trialHH.release.xcconfig"; sourceTree = "<group>"; };
/* End PBXFileReference section */

/* Begin PBXFrameworksBuildPhase section */
		7FEE79C51F9BA5AD0018491A /* Frameworks */ = {
			isa = PBXFrameworksBuildPhase;
			buildActionMask = 2147483647;
			files = (
				D93196FA6C02E1D4DC888921 /* Pods_xyz_nurlybekkarshyga_trialHH.framework in Frameworks */,
			);
			runOnlyForDeploymentPostprocessing = 0;
		};
/* End PBXFrameworksBuildPhase section */

/* Begin PBXGroup section */
		0674926780DE6D9B7D743F9D /* Pods */ = {
			isa = PBXGroup;
			children = (
				84193274109AE110355D1AB6 /* Pods-xyz.nurlybekkarshyga.trialHH.debug.xcconfig */,
				CDD23CE5E7DA5D833D9215FE /* Pods-xyz.nurlybekkarshyga.trialHH.release.xcconfig */,
			);
			name = Pods;
			sourceTree = "<group>";
		};
		7FEE79BF1F9BA5AD0018491A = {
			isa = PBXGroup;
			children = (
				7FEE79CA1F9BA5AD0018491A /* xyz.nurlybekkarshyga.trialHH */,
				7FEE79C91F9BA5AD0018491A /* Products */,
				0674926780DE6D9B7D743F9D /* Pods */,
				C308E03D7E71051A8F18716C /* Frameworks */,
			);
			sourceTree = "<group>";
		};
		7FEE79C91F9BA5AD0018491A /* Products */ = {
			isa = PBXGroup;
			children = (
				7FEE79C81F9BA5AD0018491A /* xyz.nurlybekkarshyga.trialHH.app */,
			);
			name = Products;
			sourceTree = "<group>";
		};
		7FEE79CA1F9BA5AD0018491A /* xyz.nurlybekkarshyga.trialHH */ = {
			isa = PBXGroup;
			children = (
				7F0889FF1F9BF4A9009DF65C /* GoogleService-Info.plist */,
				7FEE79CB1F9BA5AD0018491A /* AppDelegate.swift */,
				7FEE79CD1F9BA5AD0018491A /* ViewController.swift */,
				7FEE79CF1F9BA5AD0018491A /* Main.storyboard */,
				47138CBB1F9C5F2B006C2AF7 /* PersonalProfileViewController.swift */,
				47138CB31F9C5E78006C2AF7 /* FlightPassengersTableViewController.swift */,
				47138CB51F9C5EA0006C2AF7 /* FlightPassengersTableViewCell.swift */,
				47138CB91F9C5EEC006C2AF7 /* PassengerProfileViewController.swift */,
				47138CB71F9C5EBF006C2AF7 /* Passenger.swift */,
				7FEE79D21F9BA5AD0018491A /* Assets.xcassets */,
				7FEE79D41F9BA5AD0018491A /* LaunchScreen.storyboard */,
				7FEE79D71F9BA5AD0018491A /* Info.plist */,
				7FEE79E11F9BA9520018491A /* LogInVeiwController.swift */,
				7FEE79E31F9BA9800018491A /* SignUpViewController.swift */,
			);
			path = xyz.nurlybekkarshyga.trialHH;
			sourceTree = "<group>";
		};
		C308E03D7E71051A8F18716C /* Frameworks */ = {
			isa = PBXGroup;
			children = (
				CC4E547692A3F0871B393450 /* Pods_xyz_nurlybekkarshyga_trialHH.framework */,
			);
			name = Frameworks;
			sourceTree = "<group>";
		};
/* End PBXGroup section */

/* Begin PBXNativeTarget section */
		7FEE79C71F9BA5AD0018491A /* xyz.nurlybekkarshyga.trialHH */ = {
			isa = PBXNativeTarget;
			buildConfigurationList = 7FEE79DA1F9BA5AD0018491A /* Build configuration list for PBXNativeTarget "xyz.nurlybekkarshyga.trialHH" */;
			buildPhases = (
				797BDEEC3FF5584B830D9159 /* [CP] Check Pods Manifest.lock */,
				7FEE79C41F9BA5AD0018491A /* Sources */,
				7FEE79C51F9BA5AD0018491A /* Frameworks */,
				7FEE79C61F9BA5AD0018491A /* Resources */,
				8FEBA9C17CDB7B2C24546971 /* [CP] Embed Pods Frameworks */,
				27AD1089969E50CC1F986520 /* [CP] Copy Pods Resources */,
			);
			buildRules = (
			);
			dependencies = (
			);
			name = xyz.nurlybekkarshyga.trialHH;
			productName = xyz.nurlybekkarshyga.trialHH;
			productReference = 7FEE79C81F9BA5AD0018491A /* xyz.nurlybekkarshyga.trialHH.app */;
			productType = "com.apple.product-type.application";
		};
/* End PBXNativeTarget section */

/* Begin PBXProject section */
		7FEE79C01F9BA5AD0018491A /* Project object */ = {
			isa = PBXProject;
			attributes = {
				LastSwiftUpdateCheck = 0900;
				LastUpgradeCheck = 0900;
				ORGANIZATIONNAME = "Nulrybek Karshyga";
				TargetAttributes = {
					7FEE79C71F9BA5AD0018491A = {
						CreatedOnToolsVersion = 9.0;
						ProvisioningStyle = Automatic;
					};
				};
			};
			buildConfigurationList = 7FEE79C31F9BA5AD0018491A /* Build configuration list for PBXProject "xyz.nurlybekkarshyga.trialHH" */;
			compatibilityVersion = "Xcode 8.0";
			developmentRegion = en;
			hasScannedForEncodings = 0;
			knownRegions = (
				en,
				Base,
			);
			mainGroup = 7FEE79BF1F9BA5AD0018491A;
			productRefGroup = 7FEE79C91F9BA5AD0018491A /* Products */;
			projectDirPath = "";
			projectRoot = "";
			targets = (
				7FEE79C71F9BA5AD0018491A /* xyz.nurlybekkarshyga.trialHH */,
			);
		};
/* End PBXProject section */

/* Begin PBXResourcesBuildPhase section */
		7FEE79C61F9BA5AD0018491A /* Resources */ = {
			isa = PBXResourcesBuildPhase;
			buildActionMask = 2147483647;
			files = (
				7FEE79D61F9BA5AD0018491A /* LaunchScreen.storyboard in Resources */,
				7F088A001F9BF62D009DF65C /* GoogleService-Info.plist in Resources */,
				7FEE79D31F9BA5AD0018491A /* Assets.xcassets in Resources */,
				7FEE79D11F9BA5AD0018491A /* Main.storyboard in Resources */,
			);
			runOnlyForDeploymentPostprocessing = 0;
		};
/* End PBXResourcesBuildPhase section */

/* Begin PBXShellScriptBuildPhase section */
		27AD1089969E50CC1F986520 /* [CP] Copy Pods Resources */ = {
			isa = PBXShellScriptBuildPhase;
			buildActionMask = 2147483647;
			files = (
			);
			inputPaths = (
			);
			name = "[CP] Copy Pods Resources";
			outputPaths = (
			);
			runOnlyForDeploymentPostprocessing = 0;
			shellPath = /bin/sh;
			shellScript = "\"${SRCROOT}/Pods/Target Support Files/Pods-xyz.nurlybekkarshyga.trialHH/Pods-xyz.nurlybekkarshyga.trialHH-resources.sh\"\n";
			showEnvVarsInLog = 0;
		};
		797BDEEC3FF5584B830D9159 /* [CP] Check Pods Manifest.lock */ = {
			isa = PBXShellScriptBuildPhase;
			buildActionMask = 2147483647;
			files = (
			);
			inputPaths = (
				"${PODS_PODFILE_DIR_PATH}/Podfile.lock",
				"${PODS_ROOT}/Manifest.lock",
			);
			name = "[CP] Check Pods Manifest.lock";
			outputPaths = (
				"$(DERIVED_FILE_DIR)/Pods-xyz.nurlybekkarshyga.trialHH-checkManifestLockResult.txt",
			);
			runOnlyForDeploymentPostprocessing = 0;
			shellPath = /bin/sh;
			shellScript = "diff \"${PODS_PODFILE_DIR_PATH}/Podfile.lock\" \"${PODS_ROOT}/Manifest.lock\" > /dev/null\nif [ $? != 0 ] ; then\n    # print error to STDERR\n    echo \"error: The sandbox is not in sync with the Podfile.lock. Run 'pod install' or update your CocoaPods installation.\" >&2\n    exit 1\nfi\n# This output is used by Xcode 'outputs' to avoid re-running this script phase.\necho \"SUCCESS\" > \"${SCRIPT_OUTPUT_FILE_0}\"\n";
			showEnvVarsInLog = 0;
		};
		8FEBA9C17CDB7B2C24546971 /* [CP] Embed Pods Frameworks */ = {
			isa = PBXShellScriptBuildPhase;
			buildActionMask = 2147483647;
			files = (
			);
			inputPaths = (
				"${SRCROOT}/Pods/Target Support Files/Pods-xyz.nurlybekkarshyga.trialHH/Pods-xyz.nurlybekkarshyga.trialHH-frameworks.sh",
				"${BUILT_PRODUCTS_DIR}/GTMSessionFetcher/GTMSessionFetcher.framework",
				"${BUILT_PRODUCTS_DIR}/GoogleToolboxForMac/GoogleToolboxForMac.framework",
				"${BUILT_PRODUCTS_DIR}/nanopb/nanopb.framework",
			);
			name = "[CP] Embed Pods Frameworks";
			outputPaths = (
				"${TARGET_BUILD_DIR}/${FRAMEWORKS_FOLDER_PATH}/GTMSessionFetcher.framework",
				"${TARGET_BUILD_DIR}/${FRAMEWORKS_FOLDER_PATH}/GoogleToolboxForMac.framework",
				"${TARGET_BUILD_DIR}/${FRAMEWORKS_FOLDER_PATH}/nanopb.framework",
			);
			runOnlyForDeploymentPostprocessing = 0;
			shellPath = /bin/sh;
			shellScript = "\"${SRCROOT}/Pods/Target Support Files/Pods-xyz.nurlybekkarshyga.trialHH/Pods-xyz.nurlybekkarshyga.trialHH-frameworks.sh\"\n";
			showEnvVarsInLog = 0;
		};
/* End PBXShellScriptBuildPhase section */

/* Begin PBXSourcesBuildPhase section */
		7FEE79C41F9BA5AD0018491A /* Sources */ = {
			isa = PBXSourcesBuildPhase;
			buildActionMask = 2147483647;
			files = (
				47138CB41F9C5E78006C2AF7 /* FlightPassengersTableViewController.swift in Sources */,
				47138CB81F9C5EBF006C2AF7 /* Passenger.swift in Sources */,
				7FEE79E21F9BA9520018491A /* LogInVeiwController.swift in Sources */,
				7FEE79CE1F9BA5AD0018491A /* ViewController.swift in Sources */,
				7FEE79E41F9BA9800018491A /* SignUpViewController.swift in Sources */,
				47138CB61F9C5EA0006C2AF7 /* FlightPassengersTableViewCell.swift in Sources */,
				7FEE79CC1F9BA5AD0018491A /* AppDelegate.swift in Sources */,
				47138CBC1F9C5F2B006C2AF7 /* PersonalProfileViewController.swift in Sources */,
				47138CBA1F9C5EEC006C2AF7 /* PassengerProfileViewController.swift in Sources */,
			);
			runOnlyForDeploymentPostprocessing = 0;
		};
/* End PBXSourcesBuildPhase section */

/* Begin PBXVariantGroup section */
		7FEE79CF1F9BA5AD0018491A /* Main.storyboard */ = {
			isa = PBXVariantGroup;
			children = (
				7FEE79D01F9BA5AD0018491A /* Base */,
			);
			name = Main.storyboard;
			sourceTree = "<group>";
		};
		7FEE79D41F9BA5AD0018491A /* LaunchScreen.storyboard */ = {
			isa = PBXVariantGroup;
			children = (
				7FEE79D51F9BA5AD0018491A /* Base */,
			);
			name = LaunchScreen.storyboard;
			sourceTree = "<group>";
		};
/* End PBXVariantGroup section */

/* Begin XCBuildConfiguration section */
		7FEE79D81F9BA5AD0018491A /* Debug */ = {
			isa = XCBuildConfiguration;
			buildSettings = {
				ALWAYS_SEARCH_USER_PATHS = NO;
				CLANG_ANALYZER_NONNULL = YES;
				CLANG_ANALYZER_NUMBER_OBJECT_CONVERSION = YES_AGGRESSIVE;
				CLANG_CXX_LANGUAGE_STANDARD = "gnu++14";
				CLANG_CXX_LIBRARY = "libc++";
				CLANG_ENABLE_MODULES = YES;
				CLANG_ENABLE_OBJC_ARC = YES;
				CLANG_WARN_BLOCK_CAPTURE_AUTORELEASING = YES;
				CLANG_WARN_BOOL_CONVERSION = YES;
				CLANG_WARN_COMMA = YES;
				CLANG_WARN_CONSTANT_CONVERSION = YES;
				CLANG_WARN_DIRECT_OBJC_ISA_USAGE = YES_ERROR;
				CLANG_WARN_DOCUMENTATION_COMMENTS = YES;
				CLANG_WARN_EMPTY_BODY = YES;
				CLANG_WARN_ENUM_CONVERSION = YES;
				CLANG_WARN_INFINITE_RECURSION = YES;
				CLANG_WARN_INT_CONVERSION = YES;
				CLANG_WARN_NON_LITERAL_NULL_CONVERSION = YES;
				CLANG_WARN_OBJC_LITERAL_CONVERSION = YES;
				CLANG_WARN_OBJC_ROOT_CLASS = YES_ERROR;
				CLANG_WARN_RANGE_LOOP_ANALYSIS = YES;
				CLANG_WARN_STRICT_PROTOTYPES = YES;
				CLANG_WARN_SUSPICIOUS_MOVE = YES;
				CLANG_WARN_UNGUARDED_AVAILABILITY = YES_AGGRESSIVE;
				CLANG_WARN_UNREACHABLE_CODE = YES;
				CLANG_WARN__DUPLICATE_METHOD_MATCH = YES;
				CODE_SIGN_IDENTITY = "iPhone Developer";
				COPY_PHASE_STRIP = NO;
				DEBUG_INFORMATION_FORMAT = dwarf;
				ENABLE_STRICT_OBJC_MSGSEND = YES;
				ENABLE_TESTABILITY = YES;
				GCC_C_LANGUAGE_STANDARD = gnu11;
				GCC_DYNAMIC_NO_PIC = NO;
				GCC_NO_COMMON_BLOCKS = YES;
				GCC_OPTIMIZATION_LEVEL = 0;
				GCC_PREPROCESSOR_DEFINITIONS = (
					"DEBUG=1",
					"$(inherited)",
				);
				GCC_WARN_64_TO_32_BIT_CONVERSION = YES;
				GCC_WARN_ABOUT_RETURN_TYPE = YES_ERROR;
				GCC_WARN_UNDECLARED_SELECTOR = YES;
				GCC_WARN_UNINITIALIZED_AUTOS = YES_AGGRESSIVE;
				GCC_WARN_UNUSED_FUNCTION = YES;
				GCC_WARN_UNUSED_VARIABLE = YES;
				IPHONEOS_DEPLOYMENT_TARGET = 11.0;
				MTL_ENABLE_DEBUG_INFO = YES;
				ONLY_ACTIVE_ARCH = YES;
				SDKROOT = iphoneos;
				SWIFT_ACTIVE_COMPILATION_CONDITIONS = DEBUG;
				SWIFT_OPTIMIZATION_LEVEL = "-Onone";
			};
			name = Debug;
		};
		7FEE79D91F9BA5AD0018491A /* Release */ = {
			isa = XCBuildConfiguration;
			buildSettings = {
				ALWAYS_SEARCH_USER_PATHS = NO;
				CLANG_ANALYZER_NONNULL = YES;
				CLANG_ANALYZER_NUMBER_OBJECT_CONVERSION = YES_AGGRESSIVE;
				CLANG_CXX_LANGUAGE_STANDARD = "gnu++14";
				CLANG_CXX_LIBRARY = "libc++";
				CLANG_ENABLE_MODULES = YES;
				CLANG_ENABLE_OBJC_ARC = YES;
				CLANG_WARN_BLOCK_CAPTURE_AUTORELEASING = YES;
				CLANG_WARN_BOOL_CONVERSION = YES;
				CLANG_WARN_COMMA = YES;
				CLANG_WARN_CONSTANT_CONVERSION = YES;
				CLANG_WARN_DIRECT_OBJC_ISA_USAGE = YES_ERROR;
				CLANG_WARN_DOCUMENTATION_COMMENTS = YES;
				CLANG_WARN_EMPTY_BODY = YES;
				CLANG_WARN_ENUM_CONVERSION = YES;
				CLANG_WARN_INFINITE_RECURSION = YES;
				CLANG_WARN_INT_CONVERSION = YES;
				CLANG_WARN_NON_LITERAL_NULL_CONVERSION = YES;
				CLANG_WARN_OBJC_LITERAL_CONVERSION = YES;
				CLANG_WARN_OBJC_ROOT_CLASS = YES_ERROR;
				CLANG_WARN_RANGE_LOOP_ANALYSIS = YES;
				CLANG_WARN_STRICT_PROTOTYPES = YES;
				CLANG_WARN_SUSPICIOUS_MOVE = YES;
				CLANG_WARN_UNGUARDED_AVAILABILITY = YES_AGGRESSIVE;
				CLANG_WARN_UNREACHABLE_CODE = YES;
				CLANG_WARN__DUPLICATE_METHOD_MATCH = YES;
				CODE_SIGN_IDENTITY = "iPhone Developer";
				COPY_PHASE_STRIP = NO;
				DEBUG_INFORMATION_FORMAT = "dwarf-with-dsym";
				ENABLE_NS_ASSERTIONS = NO;
				ENABLE_STRICT_OBJC_MSGSEND = YES;
				GCC_C_LANGUAGE_STANDARD = gnu11;
				GCC_NO_COMMON_BLOCKS = YES;
				GCC_WARN_64_TO_32_BIT_CONVERSION = YES;
				GCC_WARN_ABOUT_RETURN_TYPE = YES_ERROR;
				GCC_WARN_UNDECLARED_SELECTOR = YES;
				GCC_WARN_UNINITIALIZED_AUTOS = YES_AGGRESSIVE;
				GCC_WARN_UNUSED_FUNCTION = YES;
				GCC_WARN_UNUSED_VARIABLE = YES;
				IPHONEOS_DEPLOYMENT_TARGET = 11.0;
				MTL_ENABLE_DEBUG_INFO = NO;
				SDKROOT = iphoneos;
				SWIFT_OPTIMIZATION_LEVEL = "-Owholemodule";
				VALIDATE_PRODUCT = YES;
			};
			name = Release;
		};
		7FEE79DB1F9BA5AD0018491A /* Debug */ = {
			isa = XCBuildConfiguration;
			baseConfigurationReference = 84193274109AE110355D1AB6 /* Pods-xyz.nurlybekkarshyga.trialHH.debug.xcconfig */;
			buildSettings = {
				ASSETCATALOG_COMPILER_APPICON_NAME = AppIcon;
				CODE_SIGN_STYLE = Automatic;
				DEVELOPMENT_TEAM = "";
				INFOPLIST_FILE = xyz.nurlybekkarshyga.trialHH/Info.plist;
				LD_RUNPATH_SEARCH_PATHS = "$(inherited) @executable_path/Frameworks";
				PRODUCT_BUNDLE_IDENTIFIER = xyz.nurlybekkarshyga.trialHH;
				PRODUCT_NAME = "$(TARGET_NAME)";
				SWIFT_VERSION = 4.0;
				TARGETED_DEVICE_FAMILY = "1,2";
			};
			name = Debug;
		};
		7FEE79DC1F9BA5AD0018491A /* Release */ = {
			isa = XCBuildConfiguration;
			baseConfigurationReference = CDD23CE5E7DA5D833D9215FE /* Pods-xyz.nurlybekkarshyga.trialHH.release.xcconfig */;
			buildSettings = {
				ASSETCATALOG_COMPILER_APPICON_NAME = AppIcon;
				CODE_SIGN_STYLE = Automatic;
				DEVELOPMENT_TEAM = "";
				INFOPLIST_FILE = xyz.nurlybekkarshyga.trialHH/Info.plist;
				LD_RUNPATH_SEARCH_PATHS = "$(inherited) @executable_path/Frameworks";
				PRODUCT_BUNDLE_IDENTIFIER = xyz.nurlybekkarshyga.trialHH;
				PRODUCT_NAME = "$(TARGET_NAME)";
				SWIFT_VERSION = 4.0;
				TARGETED_DEVICE_FAMILY = "1,2";
			};
			name = Release;
		};
/* End XCBuildConfiguration section */

/* Begin XCConfigurationList section */
		7FEE79C31F9BA5AD0018491A /* Build configuration list for PBXProject "xyz.nurlybekkarshyga.trialHH" */ = {
			isa = XCConfigurationList;
			buildConfigurations = (
				7FEE79D81F9BA5AD0018491A /* Debug */,
				7FEE79D91F9BA5AD0018491A /* Release */,
			);
			defaultConfigurationIsVisible = 0;
			defaultConfigurationName = Release;
		};
		7FEE79DA1F9BA5AD0018491A /* Build configuration list for PBXNativeTarget "xyz.nurlybekkarshyga.trialHH" */ = {
			isa = XCConfigurationList;
			buildConfigurations = (
				7FEE79DB1F9BA5AD0018491A /* Debug */,
				7FEE79DC1F9BA5AD0018491A /* Release */,
			);
			defaultConfigurationIsVisible = 0;
			defaultConfigurationName = Release;
		};
/* End XCConfigurationList section */
	};
	rootObject = 7FEE79C01F9BA5AD0018491A /* Project object */;
}
