// !$*UTF8*$!
{
	archiveVersion = 1;
	classes = {
	};
	objectVersion = 48;
	objects = {

/* Begin PBXBuildFile section */
		7FEE79CC1F9BA5AD0018491A /* AppDelegate.swift in Sources */ = {isa = PBXBuildFile; fileRef = 7FEE79CB1F9BA5AD0018491A /* AppDelegate.swift */; };
		7FEE79CE1F9BA5AD0018491A /* ViewController.swift in Sources */ = {isa = PBXBuildFile; fileRef = 7FEE79CD1F9BA5AD0018491A /* ViewController.swift */; };
		7FEE79D11F9BA5AD0018491A /* Main.storyboard in Resources */ = {isa = PBXBuildFile; fileRef = 7FEE79CF1F9BA5AD0018491A /* Main.storyboard */; };
		7FEE79D31F9BA5AD0018491A /* Assets.xcassets in Resources */ = {isa = PBXBuildFile; fileRef = 7FEE79D21F9BA5AD0018491A /* Assets.xcassets */; };
		7FEE79D61F9BA5AD0018491A /* LaunchScreen.storyboard in Resources */ = {isa = PBXBuildFile; fileRef = 7FEE79D41F9BA5AD0018491A /* LaunchScreen.storyboard */; };
/* End PBXBuildFile section */

/* Begin PBXFileReference section */
		7FEE79C81F9BA5AD0018491A /* xyz.nurlybekkarshyga.trialHH.app */ = {isa = PBXFileReference; explicitFileType = wrapper.application; includeInIndex = 0; path = xyz.nurlybekkarshyga.trialHH.app; sourceTree = BUILT_PRODUCTS_DIR; };
		7FEE79CB1F9BA5AD0018491A /* AppDelegate.swift */ = {isa = PBXFileReference; lastKnownFileType = sourcecode.swift; path = AppDelegate.swift; sourceTree = "<group>"; };
		7FEE79CD1F9BA5AD0018491A /* ViewController.swift */ = {isa = PBXFileReference; lastKnownFileType = sourcecode.swift; path = ViewController.swift; sourceTree = "<group>"; };
		7FEE79D01F9BA5AD0018491A /* Base */ = {isa = PBXFileReference; lastKnownFileType = file.storyboard; name = Base; path = Base.lproj/Main.storyboard; sourceTree = "<group>"; };
		7FEE79D21F9BA5AD0018491A /* Assets.xcassets */ = {isa = PBXFileReference; lastKnownFileType = folder.assetcatalog; path = Assets.xcassets; sourceTree = "<group>"; };
		7FEE79D51F9BA5AD0018491A /* Base */ = {isa = PBXFileReference; lastKnownFileType = file.storyboard; name = Base; path = Base.lproj/LaunchScreen.storyboard; sourceTree = "<group>"; };
		7FEE79D71F9BA5AD0018491A /* Info.plist */ = {isa = PBXFileReference; lastKnownFileType = text.plist.xml; path = Info.plist; sourceTree = "<group>"; };
/* End PBXFileReference section */

/* Begin PBXFrameworksBuildPhase section */
		7FEE79C51F9BA5AD0018491A /* Frameworks */ = {
			isa = PBXFrameworksBuildPhase;
			buildActionMask = 2147483647;
			files = (
			);
			runOnlyForDeploymentPostprocessing = 0;
		};
/* End PBXFrameworksBuildPhase section */

/* Begin PBXGroup section */
		7FEE79BF1F9BA5AD0018491A = {
			isa = PBXGroup;
			children = (
				7FEE79CA1F9BA5AD0018491A /* xyz.nurlybekkarshyga.trialHH */,
				7FEE79C91F9BA5AD0018491A /* Products */,
			);
			sourceTree = "<group>";
		};
		7FEE79C91F9BA5AD0018491A /* Products */ = {
			isa = PBXGroup;
			children = (
				7FEE79C81F9BA5AD0018491A /* xyz.nurlybekkarshyga.trialHH.app */,
			);
			name = Products;
			sourceTree = "<group>";
		};
		7FEE79CA1F9BA5AD0018491A /* xyz.nurlybekkarshyga.trialHH */ = {
			isa = PBXGroup;
			children = (
				7FEE79CB1F9BA5AD0018491A /* AppDelegate.swift */,
				7FEE79CD1F9BA5AD0018491A /* ViewController.swift */,
				7FEE79CF1F9BA5AD0018491A /* Main.storyboard */,
				7FEE79D21F9BA5AD0018491A /* Assets.xcassets */,
				7FEE79D41F9BA5AD0018491A /* LaunchScreen.storyboard */,
				7FEE79D71F9BA5AD0018491A /* Info.plist */,
			);
			path = xyz.nurlybekkarshyga.trialHH;
			sourceTree = "<group>";
		};
/* End PBXGroup section */

/* Begin PBXNativeTarget section */
		7FEE79C71F9BA5AD0018491A /* xyz.nurlybekkarshyga.trialHH */ = {
			isa = PBXNativeTarget;
			buildConfigurationList = 7FEE79DA1F9BA5AD0018491A /* Build configuration list for PBXNativeTarget "xyz.nurlybekkarshyga.trialHH" */;
			buildPhases = (
				7FEE79C41F9BA5AD0018491A /* Sources */,
				7FEE79C51F9BA5AD0018491A /* Frameworks */,
				7FEE79C61F9BA5AD0018491A /* Resources */,
			);
			buildRules = (
			);
			dependencies = (
			);
			name = xyz.nurlybekkarshyga.trialHH;
			productName = xyz.nurlybekkarshyga.trialHH;
			productReference = 7FEE79C81F9BA5AD0018491A /* xyz.nurlybekkarshyga.trialHH.app */;
			productType = "com.apple.product-type.application";
		};
/* End PBXNativeTarget section */

/* Begin PBXProject section */
		7FEE79C01F9BA5AD0018491A /* Project object */ = {
			isa = PBXProject;
			attributes = {
				LastSwiftUpdateCheck = 0900;
				LastUpgradeCheck = 0900;
				ORGANIZATIONNAME = "Nulrybek Karshyga";
				TargetAttributes = {
					7FEE79C71F9BA5AD0018491A = {
						CreatedOnToolsVersion = 9.0;
						ProvisioningStyle = Automatic;
					};
				};
			};
			buildConfigurationList = 7FEE79C31F9BA5AD0018491A /* Build configuration list for PBXProject "xyz.nurlybekkarshyga.trialHH" */;
			compatibilityVersion = "Xcode 8.0";
			developmentRegion = en;
			hasScannedForEncodings = 0;
			knownRegions = (
				en,
				Base,
			);
			mainGroup = 7FEE79BF1F9BA5AD0018491A;
			productRefGroup = 7FEE79C91F9BA5AD0018491A /* Products */;
			projectDirPath = "";
			projectRoot = "";
			targets = (
				7FEE79C71F9BA5AD0018491A /* xyz.nurlybekkarshyga.trialHH */,
			);
		};
/* End PBXProject section */

/* Begin PBXResourcesBuildPhase section */
		7FEE79C61F9BA5AD0018491A /* Resources */ = {
			isa = PBXResourcesBuildPhase;
			buildActionMask = 2147483647;
			files = (
				7FEE79D61F9BA5AD0018491A /* LaunchScreen.storyboard in Resources */,
				7FEE79D31F9BA5AD0018491A /* Assets.xcassets in Resources */,
				7FEE79D11F9BA5AD0018491A /* Main.storyboard in Resources */,
			);
			runOnlyForDeploymentPostprocessing = 0;
		};
/* End PBXResourcesBuildPhase section */

/* Begin PBXSourcesBuildPhase section */
		7FEE79C41F9BA5AD0018491A /* Sources */ = {
			isa = PBXSourcesBuildPhase;
			buildActionMask = 2147483647;
			files = (
				7FEE79CE1F9BA5AD0018491A /* ViewController.swift in Sources */,
				7FEE79CC1F9BA5AD0018491A /* AppDelegate.swift in Sources */,
			);
			runOnlyForDeploymentPostprocessing = 0;
		};
/* End PBXSourcesBuildPhase section */

/* Begin PBXVariantGroup section */
		7FEE79CF1F9BA5AD0018491A /* Main.storyboard */ = {
			isa = PBXVariantGroup;
			children = (
				7FEE79D01F9BA5AD0018491A /* Base */,
			);
			name = Main.storyboard;
			sourceTree = "<group>";
		};
		7FEE79D41F9BA5AD0018491A /* LaunchScreen.storyboard */ = {
			isa = PBXVariantGroup;
			children = (
				7FEE79D51F9BA5AD0018491A /* Base */,
			);
			name = LaunchScreen.storyboard;
			sourceTree = "<group>";
		};
/* End PBXVariantGroup section */

/* Begin XCBuildConfiguration section */
		7FEE79D81F9BA5AD0018491A /* Debug */ = {
			isa = XCBuildConfiguration;
			buildSettings = {
				ALWAYS_SEARCH_USER_PATHS = NO;
				CLANG_ANALYZER_NONNULL = YES;
				CLANG_ANALYZER_NUMBER_OBJECT_CONVERSION = YES_AGGRESSIVE;
				CLANG_CXX_LANGUAGE_STANDARD = "gnu++14";
				CLANG_CXX_LIBRARY = "libc++";
				CLANG_ENABLE_MODULES = YES;
				CLANG_ENABLE_OBJC_ARC = YES;
				CLANG_WARN_BLOCK_CAPTURE_AUTORELEASING = YES;
				CLANG_WARN_BOOL_CONVERSION = YES;
				CLANG_WARN_COMMA = YES;
				CLANG_WARN_CONSTANT_CONVERSION = YES;
				CLANG_WARN_DIRECT_OBJC_ISA_USAGE = YES_ERROR;
				CLANG_WARN_DOCUMENTATION_COMMENTS = YES;
				CLANG_WARN_EMPTY_BODY = YES;
				CLANG_WARN_ENUM_CONVERSION = YES;
				CLANG_WARN_INFINITE_RECURSION = YES;
				CLANG_WARN_INT_CONVERSION = YES;
				CLANG_WARN_NON_LITERAL_NULL_CONVERSION = YES;
				CLANG_WARN_OBJC_LITERAL_CONVERSION = YES;
				CLANG_WARN_OBJC_ROOT_CLASS = YES_ERROR;
				CLANG_WARN_RANGE_LOOP_ANALYSIS = YES;
				CLANG_WARN_STRICT_PROTOTYPES = YES;
				CLANG_WARN_SUSPICIOUS_MOVE = YES;
				CLANG_WARN_UNGUARDED_AVAILABILITY = YES_AGGRESSIVE;
				CLANG_WARN_UNREACHABLE_CODE = YES;
				CLANG_WARN__DUPLICATE_METHOD_MATCH = YES;
				CODE_SIGN_IDENTITY = "iPhone Developer";
				COPY_PHASE_STRIP = NO;
				DEBUG_INFORMATION_FORMAT = dwarf;
				ENABLE_STRICT_OBJC_MSGSEND = YES;
				ENABLE_TESTABILITY = YES;
				GCC_C_LANGUAGE_STANDARD = gnu11;
				GCC_DYNAMIC_NO_PIC = NO;
				GCC_NO_COMMON_BLOCKS = YES;
				GCC_OPTIMIZATION_LEVEL = 0;
				GCC_PREPROCESSOR_DEFINITIONS = (
					"DEBUG=1",
					"$(inherited)",
				);
				GCC_WARN_64_TO_32_BIT_CONVERSION = YES;
				GCC_WARN_ABOUT_RETURN_TYPE = YES_ERROR;
				GCC_WARN_UNDECLARED_SELECTOR = YES;
				GCC_WARN_UNINITIALIZED_AUTOS = YES_AGGRESSIVE;
				GCC_WARN_UNUSED_FUNCTION = YES;
				GCC_WARN_UNUSED_VARIABLE = YES;
				IPHONEOS_DEPLOYMENT_TARGET = 11.0;
				MTL_ENABLE_DEBUG_INFO = YES;
				ONLY_ACTIVE_ARCH = YES;
				SDKROOT = iphoneos;
				SWIFT_ACTIVE_COMPILATION_CONDITIONS = DEBUG;
				SWIFT_OPTIMIZATION_LEVEL = "-Onone";
			};
			name = Debug;
		};
		7FEE79D91F9BA5AD0018491A /* Release */ = {
			isa = XCBuildConfiguration;
			buildSettings = {
				ALWAYS_SEARCH_USER_PATHS = NO;
				CLANG_ANALYZER_NONNULL = YES;
				CLANG_ANALYZER_NUMBER_OBJECT_CONVERSION = YES_AGGRESSIVE;
				CLANG_CXX_LANGUAGE_STANDARD = "gnu++14";
				CLANG_CXX_LIBRARY = "libc++";
				CLANG_ENABLE_MODULES = YES;
				CLANG_ENABLE_OBJC_ARC = YES;
				CLANG_WARN_BLOCK_CAPTURE_AUTORELEASING = YES;
				CLANG_WARN_BOOL_CONVERSION = YES;
				CLANG_WARN_COMMA = YES;
				CLANG_WARN_CONSTANT_CONVERSION = YES;
				CLANG_WARN_DIRECT_OBJC_ISA_USAGE = YES_ERROR;
				CLANG_WARN_DOCUMENTATION_COMMENTS = YES;
				CLANG_WARN_EMPTY_BODY = YES;
				CLANG_WARN_ENUM_CONVERSION = YES;
				CLANG_WARN_INFINITE_RECURSION = YES;
				CLANG_WARN_INT_CONVERSION = YES;
				CLANG_WARN_NON_LITERAL_NULL_CONVERSION = YES;
				CLANG_WARN_OBJC_LITERAL_CONVERSION = YES;
				CLANG_WARN_OBJC_ROOT_CLASS = YES_ERROR;
				CLANG_WARN_RANGE_LOOP_ANALYSIS = YES;
				CLANG_WARN_STRICT_PROTOTYPES = YES;
				CLANG_WARN_SUSPICIOUS_MOVE = YES;
				CLANG_WARN_UNGUARDED_AVAILABILITY = YES_AGGRESSIVE;
				CLANG_WARN_UNREACHABLE_CODE = YES;
				CLANG_WARN__DUPLICATE_METHOD_MATCH = YES;
				CODE_SIGN_IDENTITY = "iPhone Developer";
				COPY_PHASE_STRIP = NO;
				DEBUG_INFORMATION_FORMAT = "dwarf-with-dsym";
				ENABLE_NS_ASSERTIONS = NO;
				ENABLE_STRICT_OBJC_MSGSEND = YES;
				GCC_C_LANGUAGE_STANDARD = gnu11;
				GCC_NO_COMMON_BLOCKS = YES;
				GCC_WARN_64_TO_32_BIT_CONVERSION = YES;
				GCC_WARN_ABOUT_RETURN_TYPE = YES_ERROR;
				GCC_WARN_UNDECLARED_SELECTOR = YES;
				GCC_WARN_UNINITIALIZED_AUTOS = YES_AGGRESSIVE;
				GCC_WARN_UNUSED_FUNCTION = YES;
				GCC_WARN_UNUSED_VARIABLE = YES;
				IPHONEOS_DEPLOYMENT_TARGET = 11.0;
				MTL_ENABLE_DEBUG_INFO = NO;
				SDKROOT = iphoneos;
				SWIFT_OPTIMIZATION_LEVEL = "-Owholemodule";
				VALIDATE_PRODUCT = YES;
			};
			name = Release;
		};
		7FEE79DB1F9BA5AD0018491A /* Debug */ = {
			isa = XCBuildConfiguration;
			buildSettings = {
				ASSETCATALOG_COMPILER_APPICON_NAME = AppIcon;
				CODE_SIGN_STYLE = Automatic;
				INFOPLIST_FILE = xyz.nurlybekkarshyga.trialHH/Info.plist;
				LD_RUNPATH_SEARCH_PATHS = "$(inherited) @executable_path/Frameworks";
				PRODUCT_BUNDLE_IDENTIFIER = "com.karshiganurlybek.garphiccalculatorstanford.xyz-nurlybekkarshyga-trialHH";
				PRODUCT_NAME = "$(TARGET_NAME)";
				SWIFT_VERSION = 4.0;
				TARGETED_DEVICE_FAMILY = "1,2";
			};
			name = Debug;
		};
		7FEE79DC1F9BA5AD0018491A /* Release */ = {
			isa = XCBuildConfiguration;
			buildSettings = {
				ASSETCATALOG_COMPILER_APPICON_NAME = AppIcon;
				CODE_SIGN_STYLE = Automatic;
				INFOPLIST_FILE = xyz.nurlybekkarshyga.trialHH/Info.plist;
				LD_RUNPATH_SEARCH_PATHS = "$(inherited) @executable_path/Frameworks";
				PRODUCT_BUNDLE_IDENTIFIER = "com.karshiganurlybek.garphiccalculatorstanford.xyz-nurlybekkarshyga-trialHH";
				PRODUCT_NAME = "$(TARGET_NAME)";
				SWIFT_VERSION = 4.0;
				TARGETED_DEVICE_FAMILY = "1,2";
			};
			name = Release;
		};
/* End XCBuildConfiguration section */

/* Begin XCConfigurationList section */
		7FEE79C31F9BA5AD0018491A /* Build configuration list for PBXProject "xyz.nurlybekkarshyga.trialHH" */ = {
			isa = XCConfigurationList;
			buildConfigurations = (
				7FEE79D81F9BA5AD0018491A /* Debug */,
				7FEE79D91F9BA5AD0018491A /* Release */,
			);
			defaultConfigurationIsVisible = 0;
			defaultConfigurationName = Release;
		};
		7FEE79DA1F9BA5AD0018491A /* Build configuration list for PBXNativeTarget "xyz.nurlybekkarshyga.trialHH" */ = {
			isa = XCConfigurationList;
			buildConfigurations = (
				7FEE79DB1F9BA5AD0018491A /* Debug */,
				7FEE79DC1F9BA5AD0018491A /* Release */,
			);
			defaultConfigurationIsVisible = 0;
			defaultConfigurationName = Release;
		};
/* End XCConfigurationList section */
	};
	rootObject = 7FEE79C01F9BA5AD0018491A /* Project object */;
}
